// !$*UTF8*$!
{
	archiveVersion = 1;
	classes = {
	};
	objectVersion = 46;
	objects = {

/* Begin PBXBuildFile section */
		F13A46941D7757CE006FAE2D /* AppDelegate.swift in Sources */ = {isa = PBXBuildFile; fileRef = F13A46931D7757CE006FAE2D /* AppDelegate.swift */; };
		F13A46961D7757CE006FAE2D /* FirstViewController.swift in Sources */ = {isa = PBXBuildFile; fileRef = F13A46951D7757CE006FAE2D /* FirstViewController.swift */; };
		F13A46981D7757CE006FAE2D /* SecondViewController.swift in Sources */ = {isa = PBXBuildFile; fileRef = F13A46971D7757CE006FAE2D /* SecondViewController.swift */; };
		F13A469B1D7757CE006FAE2D /* Main.storyboard in Resources */ = {isa = PBXBuildFile; fileRef = F13A46991D7757CE006FAE2D /* Main.storyboard */; };
		F13A469D1D7757CE006FAE2D /* Assets.xcassets in Resources */ = {isa = PBXBuildFile; fileRef = F13A469C1D7757CE006FAE2D /* Assets.xcassets */; };
		F13A46A01D7757CE006FAE2D /* LaunchScreen.storyboard in Resources */ = {isa = PBXBuildFile; fileRef = F13A469E1D7757CE006FAE2D /* LaunchScreen.storyboard */; };
		F13A46AB1D7757CE006FAE2D /* CourseCalculator2Tests.swift in Sources */ = {isa = PBXBuildFile; fileRef = F13A46AA1D7757CE006FAE2D /* CourseCalculator2Tests.swift */; };
		F13A46B61D7758B6006FAE2D /* Grades.swift in Sources */ = {isa = PBXBuildFile; fileRef = F13A46B51D7758B6006FAE2D /* Grades.swift */; };
		F13A46B91D7758D4006FAE2D /* Courses.swift in Sources */ = {isa = PBXBuildFile; fileRef = F13A46B81D7758D4006FAE2D /* Courses.swift */; };
		F1912B251D7F2261008CBF5E /* GradesTableViewCell.swift in Sources */ = {isa = PBXBuildFile; fileRef = F1912B241D7F2261008CBF5E /* GradesTableViewCell.swift */; };
		F1CB17FC1D78B67700B8398A /* CourseCalculatorTabController.swift in Sources */ = {isa = PBXBuildFile; fileRef = F1CB17FB1D78B67700B8398A /* CourseCalculatorTabController.swift */; };
/* End PBXBuildFile section */

/* Begin PBXContainerItemProxy section */
		F13A46A71D7757CE006FAE2D /* PBXContainerItemProxy */ = {
			isa = PBXContainerItemProxy;
			containerPortal = F13A46881D7757CE006FAE2D /* Project object */;
			proxyType = 1;
			remoteGlobalIDString = F13A468F1D7757CE006FAE2D;
			remoteInfo = CourseCalculator2;
		};
/* End PBXContainerItemProxy section */

/* Begin PBXFileReference section */
		F13A46901D7757CE006FAE2D /* CourseCalculator2.app */ = {isa = PBXFileReference; explicitFileType = wrapper.application; includeInIndex = 0; path = CourseCalculator2.app; sourceTree = BUILT_PRODUCTS_DIR; };
		F13A46931D7757CE006FAE2D /* AppDelegate.swift */ = {isa = PBXFileReference; lastKnownFileType = sourcecode.swift; path = AppDelegate.swift; sourceTree = "<group>"; };
		F13A46951D7757CE006FAE2D /* FirstViewController.swift */ = {isa = PBXFileReference; lastKnownFileType = sourcecode.swift; path = FirstViewController.swift; sourceTree = "<group>"; };
		F13A46971D7757CE006FAE2D /* SecondViewController.swift */ = {isa = PBXFileReference; lastKnownFileType = sourcecode.swift; path = SecondViewController.swift; sourceTree = "<group>"; };
		F13A469A1D7757CE006FAE2D /* Base */ = {isa = PBXFileReference; lastKnownFileType = file.storyboard; name = Base; path = Base.lproj/Main.storyboard; sourceTree = "<group>"; };
		F13A469C1D7757CE006FAE2D /* Assets.xcassets */ = {isa = PBXFileReference; lastKnownFileType = folder.assetcatalog; path = Assets.xcassets; sourceTree = "<group>"; };
		F13A469F1D7757CE006FAE2D /* Base */ = {isa = PBXFileReference; lastKnownFileType = file.storyboard; name = Base; path = Base.lproj/LaunchScreen.storyboard; sourceTree = "<group>"; };
		F13A46A11D7757CE006FAE2D /* Info.plist */ = {isa = PBXFileReference; lastKnownFileType = text.plist.xml; path = Info.plist; sourceTree = "<group>"; };
		F13A46A61D7757CE006FAE2D /* CourseCalculator2Tests.xctest */ = {isa = PBXFileReference; explicitFileType = wrapper.cfbundle; includeInIndex = 0; path = CourseCalculator2Tests.xctest; sourceTree = BUILT_PRODUCTS_DIR; };
		F13A46AA1D7757CE006FAE2D /* CourseCalculator2Tests.swift */ = {isa = PBXFileReference; lastKnownFileType = sourcecode.swift; path = CourseCalculator2Tests.swift; sourceTree = "<group>"; };
		F13A46AC1D7757CE006FAE2D /* Info.plist */ = {isa = PBXFileReference; lastKnownFileType = text.plist.xml; path = Info.plist; sourceTree = "<group>"; };
		F13A46B51D7758B6006FAE2D /* Grades.swift */ = {isa = PBXFileReference; fileEncoding = 4; lastKnownFileType = sourcecode.swift; path = Grades.swift; sourceTree = "<group>"; };
		F13A46B81D7758D4006FAE2D /* Courses.swift */ = {isa = PBXFileReference; fileEncoding = 4; lastKnownFileType = sourcecode.swift; path = Courses.swift; sourceTree = "<group>"; };
		F1912B241D7F2261008CBF5E /* GradesTableViewCell.swift */ = {isa = PBXFileReference; fileEncoding = 4; lastKnownFileType = sourcecode.swift; path = GradesTableViewCell.swift; sourceTree = "<group>"; };
		F1CB17FB1D78B67700B8398A /* CourseCalculatorTabController.swift */ = {isa = PBXFileReference; fileEncoding = 4; lastKnownFileType = sourcecode.swift; path = CourseCalculatorTabController.swift; sourceTree = "<group>"; };
/* End PBXFileReference section */

/* Begin PBXFrameworksBuildPhase section */
		F13A468D1D7757CE006FAE2D /* Frameworks */ = {
			isa = PBXFrameworksBuildPhase;
			buildActionMask = 2147483647;
			files = (
			);
			runOnlyForDeploymentPostprocessing = 0;
		};
		F13A46A31D7757CE006FAE2D /* Frameworks */ = {
			isa = PBXFrameworksBuildPhase;
			buildActionMask = 2147483647;
			files = (
			);
			runOnlyForDeploymentPostprocessing = 0;
		};
/* End PBXFrameworksBuildPhase section */

/* Begin PBXGroup section */
		F13A46871D7757CE006FAE2D = {
			isa = PBXGroup;
			children = (
				F13A46921D7757CE006FAE2D /* CourseCalculator2 */,
				F13A46A91D7757CE006FAE2D /* CourseCalculator2Tests */,
				F13A46911D7757CE006FAE2D /* Products */,
			);
			sourceTree = "<group>";
		};
		F13A46911D7757CE006FAE2D /* Products */ = {
			isa = PBXGroup;
			children = (
				F13A46901D7757CE006FAE2D /* CourseCalculator2.app */,
				F13A46A61D7757CE006FAE2D /* CourseCalculator2Tests.xctest */,
			);
			name = Products;
			sourceTree = "<group>";
		};
		F13A46921D7757CE006FAE2D /* CourseCalculator2 */ = {
			isa = PBXGroup;
			children = (
				F1CB17FB1D78B67700B8398A /* CourseCalculatorTabController.swift */,
				F13A46B71D7758C4006FAE2D /* Model */,
				F13A46931D7757CE006FAE2D /* AppDelegate.swift */,
				F1CB17FD1D78B83000B8398A /* View Controllers */,
				F1912B231D7F20E6008CBF5E /* Table Cells */,
				F13A46991D7757CE006FAE2D /* Main.storyboard */,
				F13A469C1D7757CE006FAE2D /* Assets.xcassets */,
				F13A469E1D7757CE006FAE2D /* LaunchScreen.storyboard */,
				F13A46A11D7757CE006FAE2D /* Info.plist */,
			);
			path = CourseCalculator2;
			sourceTree = "<group>";
		};
		F13A46A91D7757CE006FAE2D /* CourseCalculator2Tests */ = {
			isa = PBXGroup;
			children = (
				F13A46AA1D7757CE006FAE2D /* CourseCalculator2Tests.swift */,
				F13A46AC1D7757CE006FAE2D /* Info.plist */,
			);
			path = CourseCalculator2Tests;
			sourceTree = "<group>";
		};
		F13A46B71D7758C4006FAE2D /* Model */ = {
			isa = PBXGroup;
			children = (
				F13A46B51D7758B6006FAE2D /* Grades.swift */,
				F13A46B81D7758D4006FAE2D /* Courses.swift */,
			);
			name = Model;
			sourceTree = "<group>";
		};
		F1912B231D7F20E6008CBF5E /* Table Cells */ = {
			isa = PBXGroup;
			children = (
				F1912B241D7F2261008CBF5E /* GradesTableViewCell.swift */,
			);
			name = "Table Cells";
			sourceTree = "<group>";
		};
		F1CB17FD1D78B83000B8398A /* View Controllers */ = {
			isa = PBXGroup;
			children = (
				F13A46951D7757CE006FAE2D /* FirstViewController.swift */,
				F13A46971D7757CE006FAE2D /* SecondViewController.swift */,
			);
			name = "View Controllers";
			sourceTree = "<group>";
		};
/* End PBXGroup section */

/* Begin PBXNativeTarget section */
		F13A468F1D7757CE006FAE2D /* CourseCalculator2 */ = {
			isa = PBXNativeTarget;
			buildConfigurationList = F13A46AF1D7757CE006FAE2D /* Build configuration list for PBXNativeTarget "CourseCalculator2" */;
			buildPhases = (
				F13A468C1D7757CE006FAE2D /* Sources */,
				F13A468D1D7757CE006FAE2D /* Frameworks */,
				F13A468E1D7757CE006FAE2D /* Resources */,
			);
			buildRules = (
			);
			dependencies = (
			);
			name = CourseCalculator2;
			productName = CourseCalculator2;
			productReference = F13A46901D7757CE006FAE2D /* CourseCalculator2.app */;
			productType = "com.apple.product-type.application";
		};
		F13A46A51D7757CE006FAE2D /* CourseCalculator2Tests */ = {
			isa = PBXNativeTarget;
			buildConfigurationList = F13A46B21D7757CE006FAE2D /* Build configuration list for PBXNativeTarget "CourseCalculator2Tests" */;
			buildPhases = (
				F13A46A21D7757CE006FAE2D /* Sources */,
				F13A46A31D7757CE006FAE2D /* Frameworks */,
				F13A46A41D7757CE006FAE2D /* Resources */,
			);
			buildRules = (
			);
			dependencies = (
				F13A46A81D7757CE006FAE2D /* PBXTargetDependency */,
			);
			name = CourseCalculator2Tests;
			productName = CourseCalculator2Tests;
			productReference = F13A46A61D7757CE006FAE2D /* CourseCalculator2Tests.xctest */;
			productType = "com.apple.product-type.bundle.unit-test";
		};
/* End PBXNativeTarget section */

/* Begin PBXProject section */
		F13A46881D7757CE006FAE2D /* Project object */ = {
			isa = PBXProject;
			attributes = {
				LastSwiftUpdateCheck = 0730;
				LastUpgradeCheck = 0730;
				ORGANIZATIONNAME = "Guillian Balisi";
				TargetAttributes = {
					F13A468F1D7757CE006FAE2D = {
						CreatedOnToolsVersion = 7.3.1;
						DevelopmentTeam = 46FATYVTFW;
					};
					F13A46A51D7757CE006FAE2D = {
						CreatedOnToolsVersion = 7.3.1;
						DevelopmentTeam = 46FATYVTFW;
						TestTargetID = F13A468F1D7757CE006FAE2D;
					};
				};
			};
			buildConfigurationList = F13A468B1D7757CE006FAE2D /* Build configuration list for PBXProject "CourseCalculator2" */;
			compatibilityVersion = "Xcode 3.2";
			developmentRegion = English;
			hasScannedForEncodings = 0;
			knownRegions = (
				en,
				Base,
			);
			mainGroup = F13A46871D7757CE006FAE2D;
			productRefGroup = F13A46911D7757CE006FAE2D /* Products */;
			projectDirPath = "";
			projectRoot = "";
			targets = (
				F13A468F1D7757CE006FAE2D /* CourseCalculator2 */,
				F13A46A51D7757CE006FAE2D /* CourseCalculator2Tests */,
			);
		};
/* End PBXProject section */

/* Begin PBXResourcesBuildPhase section */
		F13A468E1D7757CE006FAE2D /* Resources */ = {
			isa = PBXResourcesBuildPhase;
			buildActionMask = 2147483647;
			files = (
				F13A46A01D7757CE006FAE2D /* LaunchScreen.storyboard in Resources */,
				F13A469D1D7757CE006FAE2D /* Assets.xcassets in Resources */,
				F13A469B1D7757CE006FAE2D /* Main.storyboard in Resources */,
			);
			runOnlyForDeploymentPostprocessing = 0;
		};
		F13A46A41D7757CE006FAE2D /* Resources */ = {
			isa = PBXResourcesBuildPhase;
			buildActionMask = 2147483647;
			files = (
			);
			runOnlyForDeploymentPostprocessing = 0;
		};
/* End PBXResourcesBuildPhase section */

/* Begin PBXSourcesBuildPhase section */
		F13A468C1D7757CE006FAE2D /* Sources */ = {
			isa = PBXSourcesBuildPhase;
			buildActionMask = 2147483647;
			files = (
				F1912B251D7F2261008CBF5E /* GradesTableViewCell.swift in Sources */,
				F13A46B91D7758D4006FAE2D /* Courses.swift in Sources */,
				F13A46981D7757CE006FAE2D /* SecondViewController.swift in Sources */,
				F13A46B61D7758B6006FAE2D /* Grades.swift in Sources */,
				F13A46941D7757CE006FAE2D /* AppDelegate.swift in Sources */,
				F1CB17FC1D78B67700B8398A /* CourseCalculatorTabController.swift in Sources */,
				F13A46961D7757CE006FAE2D /* FirstViewController.swift in Sources */,
			);
			runOnlyForDeploymentPostprocessing = 0;
		};
		F13A46A21D7757CE006FAE2D /* Sources */ = {
			isa = PBXSourcesBuildPhase;
			buildActionMask = 2147483647;
			files = (
				F13A46AB1D7757CE006FAE2D /* CourseCalculator2Tests.swift in Sources */,
			);
			runOnlyForDeploymentPostprocessing = 0;
		};
/* End PBXSourcesBuildPhase section */

/* Begin PBXTargetDependency section */
		F13A46A81D7757CE006FAE2D /* PBXTargetDependency */ = {
			isa = PBXTargetDependency;
			target = F13A468F1D7757CE006FAE2D /* CourseCalculator2 */;
			targetProxy = F13A46A71D7757CE006FAE2D /* PBXContainerItemProxy */;
		};
/* End PBXTargetDependency section */

/* Begin PBXVariantGroup section */
		F13A46991D7757CE006FAE2D /* Main.storyboard */ = {
			isa = PBXVariantGroup;
			children = (
				F13A469A1D7757CE006FAE2D /* Base */,
			);
			name = Main.storyboard;
			sourceTree = "<group>";
		};
		F13A469E1D7757CE006FAE2D /* LaunchScreen.storyboard */ = {
			isa = PBXVariantGroup;
			children = (
				F13A469F1D7757CE006FAE2D /* Base */,
			);
			name = LaunchScreen.storyboard;
			sourceTree = "<group>";
		};
/* End PBXVariantGroup section */

/* Begin XCBuildConfiguration section */
		F13A46AD1D7757CE006FAE2D /* Debug */ = {
			isa = XCBuildConfiguration;
			buildSettings = {
				ALWAYS_SEARCH_USER_PATHS = NO;
				CLANG_ANALYZER_NONNULL = YES;
				CLANG_CXX_LANGUAGE_STANDARD = "gnu++0x";
				CLANG_CXX_LIBRARY = "libc++";
				CLANG_ENABLE_MODULES = YES;
				CLANG_ENABLE_OBJC_ARC = YES;
				CLANG_WARN_BOOL_CONVERSION = YES;
				CLANG_WARN_CONSTANT_CONVERSION = YES;
				CLANG_WARN_DIRECT_OBJC_ISA_USAGE = YES_ERROR;
				CLANG_WARN_EMPTY_BODY = YES;
				CLANG_WARN_ENUM_CONVERSION = YES;
				CLANG_WARN_INT_CONVERSION = YES;
				CLANG_WARN_OBJC_ROOT_CLASS = YES_ERROR;
				CLANG_WARN_UNREACHABLE_CODE = YES;
				CLANG_WARN__DUPLICATE_METHOD_MATCH = YES;
				"CODE_SIGN_IDENTITY[sdk=iphoneos*]" = "iPhone Developer";
				COPY_PHASE_STRIP = NO;
				DEBUG_INFORMATION_FORMAT = dwarf;
				ENABLE_STRICT_OBJC_MSGSEND = YES;
				ENABLE_TESTABILITY = YES;
				GCC_C_LANGUAGE_STANDARD = gnu99;
				GCC_DYNAMIC_NO_PIC = NO;
				GCC_NO_COMMON_BLOCKS = YES;
				GCC_OPTIMIZATION_LEVEL = 0;
				GCC_PREPROCESSOR_DEFINITIONS = (
					"DEBUG=1",
					"$(inherited)",
				);
				GCC_WARN_64_TO_32_BIT_CONVERSION = YES;
				GCC_WARN_ABOUT_RETURN_TYPE = YES_ERROR;
				GCC_WARN_UNDECLARED_SELECTOR = YES;
				GCC_WARN_UNINITIALIZED_AUTOS = YES_AGGRESSIVE;
				GCC_WARN_UNUSED_FUNCTION = YES;
				GCC_WARN_UNUSED_VARIABLE = YES;
				IPHONEOS_DEPLOYMENT_TARGET = 9.3;
				MTL_ENABLE_DEBUG_INFO = YES;
				ONLY_ACTIVE_ARCH = YES;
				SDKROOT = iphoneos;
				SWIFT_OPTIMIZATION_LEVEL = "-Onone";
			};
			name = Debug;
		};
		F13A46AE1D7757CE006FAE2D /* Release */ = {
			isa = XCBuildConfiguration;
			buildSettings = {
				ALWAYS_SEARCH_USER_PATHS = NO;
				CLANG_ANALYZER_NONNULL = YES;
				CLANG_CXX_LANGUAGE_STANDARD = "gnu++0x";
				CLANG_CXX_LIBRARY = "libc++";
				CLANG_ENABLE_MODULES = YES;
				CLANG_ENABLE_OBJC_ARC = YES;
				CLANG_WARN_BOOL_CONVERSION = YES;
				CLANG_WARN_CONSTANT_CONVERSION = YES;
				CLANG_WARN_DIRECT_OBJC_ISA_USAGE = YES_ERROR;
				CLANG_WARN_EMPTY_BODY = YES;
				CLANG_WARN_ENUM_CONVERSION = YES;
				CLANG_WARN_INT_CONVERSION = YES;
				CLANG_WARN_OBJC_ROOT_CLASS = YES_ERROR;
				CLANG_WARN_UNREACHABLE_CODE = YES;
				CLANG_WARN__DUPLICATE_METHOD_MATCH = YES;
				"CODE_SIGN_IDENTITY[sdk=iphoneos*]" = "iPhone Developer";
				COPY_PHASE_STRIP = NO;
				DEBUG_INFORMATION_FORMAT = "dwarf-with-dsym";
				ENABLE_NS_ASSERTIONS = NO;
				ENABLE_STRICT_OBJC_MSGSEND = YES;
				GCC_C_LANGUAGE_STANDARD = gnu99;
				GCC_NO_COMMON_BLOCKS = YES;
				GCC_WARN_64_TO_32_BIT_CONVERSION = YES;
				GCC_WARN_ABOUT_RETURN_TYPE = YES_ERROR;
				GCC_WARN_UNDECLARED_SELECTOR = YES;
				GCC_WARN_UNINITIALIZED_AUTOS = YES_AGGRESSIVE;
				GCC_WARN_UNUSED_FUNCTION = YES;
				GCC_WARN_UNUSED_VARIABLE = YES;
				IPHONEOS_DEPLOYMENT_TARGET = 9.3;
				MTL_ENABLE_DEBUG_INFO = NO;
				SDKROOT = iphoneos;
				VALIDATE_PRODUCT = YES;
			};
			name = Release;
		};
		F13A46B01D7757CE006FAE2D /* Debug */ = {
			isa = XCBuildConfiguration;
			buildSettings = {
				ASSETCATALOG_COMPILER_APPICON_NAME = AppIcon;
				INFOPLIST_FILE = CourseCalculator2/Info.plist;
				IPHONEOS_DEPLOYMENT_TARGET = 9.2;
				LD_RUNPATH_SEARCH_PATHS = "$(inherited) @executable_path/Frameworks";
				PRODUCT_BUNDLE_IDENTIFIER = com.balisiga.CourseCalculator2;
				PRODUCT_NAME = "$(TARGET_NAME)";
			};
			name = Debug;
		};
		F13A46B11D7757CE006FAE2D /* Release */ = {
			isa = XCBuildConfiguration;
			buildSettings = {
				ASSETCATALOG_COMPILER_APPICON_NAME = AppIcon;
				INFOPLIST_FILE = CourseCalculator2/Info.plist;
				IPHONEOS_DEPLOYMENT_TARGET = 9.2;
				LD_RUNPATH_SEARCH_PATHS = "$(inherited) @executable_path/Frameworks";
				PRODUCT_BUNDLE_IDENTIFIER = com.balisiga.CourseCalculator2;
				PRODUCT_NAME = "$(TARGET_NAME)";
			};
			name = Release;
		};
		F13A46B31D7757CE006FAE2D /* Debug */ = {
			isa = XCBuildConfiguration;
			buildSettings = {
				BUNDLE_LOADER = "$(TEST_HOST)";
				INFOPLIST_FILE = CourseCalculator2Tests/Info.plist;
				LD_RUNPATH_SEARCH_PATHS = "$(inherited) @executable_path/Frameworks @loader_path/Frameworks";
				PRODUCT_BUNDLE_IDENTIFIER = com.balisiga.CourseCalculator2Tests;
				PRODUCT_NAME = "$(TARGET_NAME)";
				TEST_HOST = "$(BUILT_PRODUCTS_DIR)/CourseCalculator2.app/CourseCalculator2";
			};
			name = Debug;
		};
		F13A46B41D7757CE006FAE2D /* Release */ = {
			isa = XCBuildConfiguration;
			buildSettings = {
				BUNDLE_LOADER = "$(TEST_HOST)";
				INFOPLIST_FILE = CourseCalculator2Tests/Info.plist;
				LD_RUNPATH_SEARCH_PATHS = "$(inherited) @executable_path/Frameworks @loader_path/Frameworks";
				PRODUCT_BUNDLE_IDENTIFIER = com.balisiga.CourseCalculator2Tests;
				PRODUCT_NAME = "$(TARGET_NAME)";
				TEST_HOST = "$(BUILT_PRODUCTS_DIR)/CourseCalculator2.app/CourseCalculator2";
			};
			name = Release;
		};
/* End XCBuildConfiguration section */

/* Begin XCConfigurationList section */
		F13A468B1D7757CE006FAE2D /* Build configuration list for PBXProject "CourseCalculator2" */ = {
			isa = XCConfigurationList;
			buildConfigurations = (
				F13A46AD1D7757CE006FAE2D /* Debug */,
				F13A46AE1D7757CE006FAE2D /* Release */,
			);
			defaultConfigurationIsVisible = 0;
			defaultConfigurationName = Release;
		};
		F13A46AF1D7757CE006FAE2D /* Build configuration list for PBXNativeTarget "CourseCalculator2" */ = {
			isa = XCConfigurationList;
			buildConfigurations = (
				F13A46B01D7757CE006FAE2D /* Debug */,
				F13A46B11D7757CE006FAE2D /* Release */,
			);
			defaultConfigurationIsVisible = 0;
			defaultConfigurationName = Release;
		};
		F13A46B21D7757CE006FAE2D /* Build configuration list for PBXNativeTarget "CourseCalculator2Tests" */ = {
			isa = XCConfigurationList;
			buildConfigurations = (
				F13A46B31D7757CE006FAE2D /* Debug */,
				F13A46B41D7757CE006FAE2D /* Release */,
			);
			defaultConfigurationIsVisible = 0;
			defaultConfigurationName = Release;
		};
/* End XCConfigurationList section */
	};
	rootObject = F13A46881D7757CE006FAE2D /* Project object */;
}
